github.com/joshvarga/svgparser v0.0.0-20200804023048-5eaba627a7d1 h1:nv2n9UzqqLLe40j2YpqwVotVtugdHbFmGS4vm9S/LTs=
github.com/joshvarga/svgparser v0.0.0-20200804023048-5eaba627a7d1/go.mod h1:L7A8o4juotPcM0GC/A1DV4tjbRgp9QCsC6hmmoljed0=
golang.org/x/net v0.8.0 h1:Zrh2ngAOFYneWTAIAPethzeaQLuHwhuBkuV6ZiRnUaQ=
golang.org/x/net v0.8.0/go.mod h1:QVkue5JL9kW//ek3r6jTKnTFis1tRmNAW2P1shuFdJc=
golang.org/x/text v0.9.0 h1:2sjJmO8cDvYveuX97RDLsxlyUxLl+GHoLxBiRdHllBE=
golang.org/x/text v0.9.0/go.mod h1:e1OnstbJyHTd6l/uOt8jFFHp6TRDWZR/bV3emEE/zU8=
